
Microsoft Visual Studio Solution File, Format Version 12.00
# Visual Studio Version 16
VisualStudioVersion = 16.0.31624.102
MinimumVisualStudioVersion = 10.0.40219.1
Project("{FAE04EC0-301F-11D3-BF4B-00C04F79EFBC}") = "Asignacion2Aplicada", "Asignacion2Aplicada.csproj", "{C7A82C13-A3C7-4A5E-B56F-6D09DC672AAA}"
EndProject
Global
	GlobalSection(SolutionConfigurationPlatforms) = preSolution
		Debug|Any CPU = Debug|Any CPU
		Release|Any CPU = Release|Any CPU
	EndGlobalSection
	GlobalSection(ProjectConfigurationPlatforms) = postSolution
		{C7A82C13-A3C7-4A5E-B56F-6D09DC672AAA}.Debug|Any CPU.ActiveCfg = Debug|Any CPU
		{C7A82C13-A3C7-4A5E-B56F-6D09DC672AAA}.Debug|Any CPU.Build.0 = Debug|Any CPU
		{C7A82C13-A3C7-4A5E-B56F-6D09DC672AAA}.Release|Any CPU.ActiveCfg = Release|Any CPU
		{C7A82C13-A3C7-4A5E-B56F-6D09DC672AAA}.Release|Any CPU.Build.0 = Release|Any CPU
	EndGlobalSection
	GlobalSection(SolutionProperties) = preSolution
		HideSolutionNode = FALSE
	EndGlobalSection
	GlobalSection(ExtensibilityGlobals) = postSolution
		SolutionGuid = {D784C04E-A1FB-4493-9E94-ED892D7C3F70}
	EndGlobalSection
EndGlobal
